{
  "name": "react-form",
  "version": "0.0.0",
  "lockfileVersion": 1,
  "requires": true,
  "dependencies": {
    "@types/node": {
      "version": "10.17.6",
      "resolved": "https://registry.npmjs.org/@types/node/-/node-10.17.6.tgz",
      "integrity": "sha512-0a2X6cgN3RdPBL2MIlR6Lt0KlM7fOFsutuXcdglcOq6WvLnYXgPQSh0Mx6tO1KCAE8MxbHSOSTWDoUxRq+l3DA==",
      "dev": true
    },
    "ajv": {
      "version": "6.10.2",
      "resolved": "https://registry.npmjs.org/ajv/-/ajv-6.10.2.tgz",
      "integrity": "sha512-TXtUUEYHuaTEbLZWIKUr5pmBuhDLy+8KYtPYdcV8qC+pOZL+NKqYwvWSRrVXHn+ZmRRAu8vJTAznH7Oag6RVRw==",
      "requires": {
        "fast-deep-equal": "^2.0.1",
        "fast-json-stable-stringify": "^2.0.0",
        "json-schema-traverse": "^0.4.1",
        "uri-js": "^4.2.2"
      }
    },
    "ansi-regex": {
      "version": "2.1.1",
      "resolved": "http://artifactory.app.diplomatie.gouv.fr/artifactory-dev/api/npm/repository-npm-mae-dev/ansi-regex/-/ansi-regex-2.1.1.tgz",
      "integrity": "sha1-w7M6te42DYbg5ijwRorn7yfWVN8=",
      "dev": true
    },
    "async": {
      "version": "2.6.3",
      "resolved": "https://registry.npmjs.org/async/-/async-2.6.3.tgz",
      "integrity": "sha512-zflvls11DCy+dQWzTW2dzuilv8Z5X/pjfmZOWba6TNIVDm+2UDaJmXSOXlasHKfNBs8oo3M0aT50fDEWfKZjXg==",
      "requires": {
        "lodash": "^4.17.14"
      }
    },
    "async-listener": {
      "version": "0.6.10",
      "resolved": "https://registry.npmjs.org/async-listener/-/async-listener-0.6.10.tgz",
      "integrity": "sha512-gpuo6xOyF4D5DE5WvyqZdPA3NGhiT6Qf07l7DCB0wwDEsLvDIbCr6j9S5aj5Ch96dLace5tXVzWBZkxU/c5ohw==",
      "requires": {
        "semver": "^5.3.0",
        "shimmer": "^1.1.0"
      }
    },
    "big.js": {
      "version": "3.2.0",
      "resolved": "http://artifactory.app.diplomatie.gouv.fr/artifactory-dev/api/npm/repository-npm-mae-dev/big.js/-/big.js-3.2.0.tgz",
      "integrity": "sha1-pfwpi4G54Nyi5FiCR4S2XFK6WI4=",
      "dev": true
    },
    "bluebird": {
      "version": "3.5.5",
      "resolved": "https://registry.npmjs.org/bluebird/-/bluebird-3.5.5.tgz",
      "integrity": "sha512-5am6HnnfN+urzt4yfg7IgTbotDjIT/u8AJpEt0sIU9FtXfVeezXAPKswrG+xKUCOYAINpSdgZVDU6QFh+cuH3w=="
    },
    "boolbase": {
      "version": "1.0.0",
      "resolved": "http://artifactory.app.diplomatie.gouv.fr/artifactory-dev/api/npm/repository-npm-mae-dev/boolbase/-/boolbase-1.0.0.tgz",
      "integrity": "sha1-aN/1++YMUes3cl6p4+0xDcwed24=",
      "dev": true
    },
    "buffer-from": {
      "version": "1.1.1",
      "resolved": "https://registry.npmjs.org/buffer-from/-/buffer-from-1.1.1.tgz",
      "integrity": "sha512-MQcXEUbCKtEo7bhqEs6560Hyd4XaovZlO/k9V3hjVUF/zwW7KBVdSK4gIt/bzwS9MbR5qob+F5jusZsb0YQK2A=="
    },
    "camel-case": {
      "version": "3.0.0",
      "resolved": "http://artifactory.app.diplomatie.gouv.fr/artifactory-dev/api/npm/repository-npm-mae-dev/camel-case/-/camel-case-3.0.0.tgz",
      "integrity": "sha1-yjw2iKTpzzpM2nd9xNy8cTJJz3M=",
      "dev": true,
      "requires": {
        "no-case": "^2.2.0",
        "upper-case": "^1.1.1"
      }
    },
    "classnames": {
      "version": "2.2.6",
      "resolved": "https://registry.npmjs.org/classnames/-/classnames-2.2.6.tgz",
      "integrity": "sha512-JR/iSQOSt+LQIWwrwEzJ9uk0xfN3mTVYMwt1Ir5mUcSN6pU+V4zQFFaJsclJbPuAUQH+yfWef6tm7l1quW3C8Q=="
    },
    "clean-css": {
      "version": "4.2.1",
      "resolved": "http://artifactory.app.diplomatie.gouv.fr/artifactory-dev/api/npm/repository-npm-mae-dev/clean-css/-/clean-css-4.2.1.tgz",
      "integrity": "sha1-LUEe92uFabbQyEBo2r6FsKpeXBc=",
      "dev": true,
      "requires": {
        "source-map": "~0.6.0"
      }
    },
    "commander": {
      "version": "2.17.1",
      "resolved": "http://artifactory.app.diplomatie.gouv.fr/artifactory-dev/api/npm/repository-npm-mae-dev/commander/-/commander-2.17.1.tgz",
      "integrity": "sha1-vXerfebelCBc6sxy8XFtKfIKd78=",
      "dev": true
    },
    "config": {
      "version": "1.29.4",
      "resolved": "https://registry.npmjs.org/config/-/config-1.29.4.tgz",
      "integrity": "sha1-G0J1LthrNj/EAllgVp/XSXiGKpI=",
      "requires": {
        "json5": "0.4.0",
        "os-homedir": "1.0.2"
      },
      "dependencies": {
        "json5": {
          "version": "0.4.0",
          "resolved": "https://registry.npmjs.org/json5/-/json5-0.4.0.tgz",
          "integrity": "sha1-BUNS5MTIDIbAkjh31EneF2pzLI0="
        }
      }
    },
    "continuation-local-storage": {
      "version": "3.2.1",
      "resolved": "https://registry.npmjs.org/continuation-local-storage/-/continuation-local-storage-3.2.1.tgz",
      "integrity": "sha512-jx44cconVqkCEEyLSKWwkvUXwO561jXMa3LPjTPsm5QR22PA0/mhe33FT4Xb5y74JDvt/Cq+5lm8S8rskLv9ZA==",
      "requires": {
        "async-listener": "^0.6.0",
        "emitter-listener": "^1.1.1"
      }
    },
    "css-select": {
      "version": "1.2.0",
      "resolved": "http://artifactory.app.diplomatie.gouv.fr/artifactory-dev/api/npm/repository-npm-mae-dev/css-select/-/css-select-1.2.0.tgz",
      "integrity": "sha1-KzoRBTnFNV8c2NMUYj6HCxIeyFg=",
      "dev": true,
      "requires": {
        "boolbase": "~1.0.0",
        "css-what": "2.1",
        "domutils": "1.5.1",
        "nth-check": "~1.0.1"
      }
    },
    "css-what": {
      "version": "2.1.3",
      "resolved": "http://artifactory.app.diplomatie.gouv.fr/artifactory-dev/api/npm/repository-npm-mae-dev/css-what/-/css-what-2.1.3.tgz",
      "integrity": "sha1-ptdgRXM2X+dGhsPzEcVlE9iChfI=",
      "dev": true
    },
    "csstype": {
      "version": "2.5.8",
      "resolved": "https://registry.npmjs.org/csstype/-/csstype-2.5.8.tgz",
      "integrity": "sha512-r4DbsyNJ7slwBSKoGesxDubRWJ71ghG8W2+1HcsDlAo12KGca9dDLv0u98tfdFw7ldBdoA7XmCnI6Q8LpAJXaQ=="
    },
    "date-format": {
      "version": "2.1.0",
      "resolved": "https://registry.npmjs.org/date-format/-/date-format-2.1.0.tgz",
      "integrity": "sha512-bYQuGLeFxhkxNOF3rcMtiZxvCBAquGzZm6oWA1oZ0g2THUzivaRhv8uOhdr19LmoobSOLoIAxeUK2RdbM8IFTA=="
    },
    "debug": {
      "version": "4.1.1",
      "resolved": "https://registry.npmjs.org/debug/-/debug-4.1.1.tgz",
      "integrity": "sha512-pYAIzeRo8J6KPEaJ0VWOh5Pzkbw/RetuzehGM7QRRX5he4fPHx2rdKMB256ehJCkX+XRQm16eZLqLNS8RSZXZw==",
      "requires": {
        "ms": "^2.1.1"
      }
    },
    "define-properties": {
      "version": "1.1.3",
      "resolved": "http://artifactory.app.diplomatie.gouv.fr/artifactory-dev/api/npm/repository-npm-mae-dev/define-properties/-/define-properties-1.1.3.tgz",
      "integrity": "sha1-z4jabL7ib+bbcJT2HYcMvYTO6fE=",
      "dev": true,
      "requires": {
        "object-keys": "^1.0.12"
      }
    },
    "dom-converter": {
      "version": "0.2.0",
      "resolved": "http://artifactory.app.diplomatie.gouv.fr/artifactory-dev/api/npm/repository-npm-mae-dev/dom-converter/-/dom-converter-0.2.0.tgz",
      "integrity": "sha1-ZyGp2u4uKTaClVtq/kFncWJ7t2g=",
      "dev": true,
      "requires": {
        "utila": "~0.4"
      }
    },
    "dom-serializer": {
      "version": "0.2.2",
      "resolved": "http://artifactory.app.diplomatie.gouv.fr/artifactory-dev/api/npm/repository-npm-mae-dev/dom-serializer/-/dom-serializer-0.2.2.tgz",
      "integrity": "sha1-GvuB9TNxcXXUeGVd68XjMtn5u1E=",
      "dev": true,
      "requires": {
        "domelementtype": "^2.0.1",
        "entities": "^2.0.0"
      },
      "dependencies": {
        "domelementtype": {
          "version": "2.0.1",
          "resolved": "http://artifactory.app.diplomatie.gouv.fr/artifactory-dev/api/npm/repository-npm-mae-dev/domelementtype/-/domelementtype-2.0.1.tgz",
          "integrity": "sha1-H4vf6R9aeAYydOgDtL3O326U+U0=",
          "dev": true
        }
      }
    },
    "domelementtype": {
      "version": "1.3.1",
      "resolved": "http://artifactory.app.diplomatie.gouv.fr/artifactory-dev/api/npm/repository-npm-mae-dev/domelementtype/-/domelementtype-1.3.1.tgz",
      "integrity": "sha1-0EjESzew0Qp/Kj1f7j9DM9eQSB8=",
      "dev": true
    },
    "domhandler": {
      "version": "2.4.2",
      "resolved": "http://artifactory.app.diplomatie.gouv.fr/artifactory-dev/api/npm/repository-npm-mae-dev/domhandler/-/domhandler-2.4.2.tgz",
      "integrity": "sha1-iAUJfpM9ZehVRvcm1g9euItE+AM=",
      "dev": true,
      "requires": {
        "domelementtype": "1"
      }
    },
    "domutils": {
      "version": "1.5.1",
      "resolved": "http://artifactory.app.diplomatie.gouv.fr/artifactory-dev/api/npm/repository-npm-mae-dev/domutils/-/domutils-1.5.1.tgz",
      "integrity": "sha1-3NhIiib1Y9YQeeSMn3t+Mjc2gs8=",
      "dev": true,
      "requires": {
        "dom-serializer": "0",
        "domelementtype": "1"
      }
    },
    "emitter-listener": {
      "version": "1.1.2",
      "resolved": "https://registry.npmjs.org/emitter-listener/-/emitter-listener-1.1.2.tgz",
      "integrity": "sha512-Bt1sBAGFHY9DKY+4/2cV6izcKJUf5T7/gkdmkxzX/qv9CcGH8xSwVRW5mtX03SWJtRTWSOpzCuWN9rBFYZepZQ==",
      "requires": {
        "shimmer": "^1.2.0"
      }
    },
    "emojis-list": {
      "version": "2.1.0",
      "resolved": "http://artifactory.app.diplomatie.gouv.fr/artifactory-dev/api/npm/repository-npm-mae-dev/emojis-list/-/emojis-list-2.1.0.tgz",
      "integrity": "sha1-TapNnbAPmBmIDHn6RXrlsJof04k=",
      "dev": true
    },
    "entities": {
      "version": "2.0.0",
      "resolved": "http://artifactory.app.diplomatie.gouv.fr/artifactory-dev/api/npm/repository-npm-mae-dev/entities/-/entities-2.0.0.tgz",
      "integrity": "sha1-aNYITKsbB5dnVA2A5Wo5tCPkq/Q=",
      "dev": true
    },
    "es-abstract": {
      "version": "1.16.2",
      "resolved": "http://artifactory.app.diplomatie.gouv.fr/artifactory-dev/api/npm/repository-npm-mae-dev/es-abstract/-/es-abstract-1.16.2.tgz",
      "integrity": "sha1-TodDMWRemSXt7xQedPxL0URmnTQ=",
      "dev": true,
      "requires": {
        "es-to-primitive": "^1.2.1",
        "function-bind": "^1.1.1",
        "has": "^1.0.3",
        "has-symbols": "^1.0.1",
        "is-callable": "^1.1.4",
        "is-regex": "^1.0.4",
        "object-inspect": "^1.7.0",
        "object-keys": "^1.1.1",
        "string.prototype.trimleft": "^2.1.0",
        "string.prototype.trimright": "^2.1.0"
      }
    },
    "es-to-primitive": {
      "version": "1.2.1",
      "resolved": "http://artifactory.app.diplomatie.gouv.fr/artifactory-dev/api/npm/repository-npm-mae-dev/es-to-primitive/-/es-to-primitive-1.2.1.tgz",
      "integrity": "sha1-5VzUyc3BiLzvsDs2bHNjI/xciYo=",
      "dev": true,
      "requires": {
        "is-callable": "^1.1.4",
        "is-date-object": "^1.0.1",
        "is-symbol": "^1.0.2"
      }
    },
    "es6-promise": {
      "version": "4.2.8",
      "resolved": "https://registry.npmjs.org/es6-promise/-/es6-promise-4.2.8.tgz",
      "integrity": "sha512-HJDGx5daxeIvxdBxvG2cb9g4tEvwIk3i8+nhX0yGrYmZUzbkdg8QbDevheDB8gd0//uPj4c1EQua8Q+MViT0/w=="
    },
    "fast-deep-equal": {
      "version": "2.0.1",
      "resolved": "https://registry.npmjs.org/fast-deep-equal/-/fast-deep-equal-2.0.1.tgz",
      "integrity": "sha1-ewUhjd+WZ79/Nwv3/bLLFf3Qqkk="
    },
    "fast-json-stable-stringify": {
      "version": "2.0.0",
      "resolved": "https://registry.npmjs.org/fast-json-stable-stringify/-/fast-json-stable-stringify-2.0.0.tgz",
      "integrity": "sha1-1RQsDK7msRifh9OnYREGT4bIu/I="
    },
    "flatted": {
      "version": "2.0.1",
      "resolved": "https://registry.npmjs.org/flatted/-/flatted-2.0.1.tgz",
      "integrity": "sha512-a1hQMktqW9Nmqr5aktAux3JMNqaucxGcjtjWnZLHX7yyPCmlSV3M54nGYbqT8K+0GhF3NBgmJCc3ma+WOgX8Jg=="
    },
    "fs-extra": {
      "version": "7.0.1",
      "resolved": "https://registry.npmjs.org/fs-extra/-/fs-extra-7.0.1.tgz",
      "integrity": "sha512-YJDaCJZEnBmcbw13fvdAM9AwNOJwOzrE4pqMqBq5nFiEqXUqHwlK4B+3pUw6JNvfSPtX05xFHtYy/1ni01eGCw==",
      "requires": {
        "graceful-fs": "^4.1.2",
        "jsonfile": "^4.0.0",
        "universalify": "^0.1.0"
      }
    },
    "function-bind": {
      "version": "1.1.1",
      "resolved": "http://artifactory.app.diplomatie.gouv.fr/artifactory-dev/api/npm/repository-npm-mae-dev/function-bind/-/function-bind-1.1.1.tgz",
      "integrity": "sha1-pWiZ0+o8m6uHS7l3O3xe3pL0iV0=",
      "dev": true
    },
    "graceful-fs": {
      "version": "4.2.3",
      "resolved": "https://registry.npmjs.org/graceful-fs/-/graceful-fs-4.2.3.tgz",
      "integrity": "sha512-a30VEBm4PEdx1dRB7MFK7BejejvCvBronbLjht+sHuGYj8PHs7M/5Z+rt5lw551vZ7yfTCj4Vuyy3mSJytDWRQ=="
    },
    "has": {
      "version": "1.0.3",
      "resolved": "http://artifactory.app.diplomatie.gouv.fr/artifactory-dev/api/npm/repository-npm-mae-dev/has/-/has-1.0.3.tgz",
      "integrity": "sha1-ci18v8H2qoJB8W3YFOAR4fQeh5Y=",
      "dev": true,
      "requires": {
        "function-bind": "^1.1.1"
      }
    },
    "has-symbols": {
      "version": "1.0.1",
      "resolved": "http://artifactory.app.diplomatie.gouv.fr/artifactory-dev/api/npm/repository-npm-mae-dev/has-symbols/-/has-symbols-1.0.1.tgz",
      "integrity": "sha1-n1IUdYpEGWxAbZvXbOv4HsLdMeg=",
      "dev": true
    },
    "he": {
      "version": "1.2.0",
      "resolved": "http://artifactory.app.diplomatie.gouv.fr/artifactory-dev/api/npm/repository-npm-mae-dev/he/-/he-1.2.0.tgz",
      "integrity": "sha1-hK5l+n6vsWX922FWauFLrwVmTw8=",
      "dev": true
    },
    "hornet-js-logger": {
      "version": "5.4.1",
      "resolved": "https://registry.npmjs.org/hornet-js-logger/-/hornet-js-logger-5.4.1.tgz",
      "integrity": "sha512-adJ6i69dHVa2oq9T2PU7dtt7cD24wnIzDi9fJfbvUFYZ9F6/IFzfdvJszoXZnNO7ZlpSVx65Kw6uGdVFYo3BEw==",
      "requires": {
        "lodash.findlastindex": "4.6.0",
        "lodash.iserror": "3.1.1",
        "lodash.isfunction": "3.0.9",
        "lodash.isstring": "4.0.1",
        "lodash.last": "3.0.0",
        "log4js": "4.3.0",
        "reflect-metadata": "0.1.13",
        "tslib": "1.9.3"
      }
    },
    "hornet-js-utils": {
      "version": "5.4.1",
      "resolved": "https://registry.npmjs.org/hornet-js-utils/-/hornet-js-utils-5.4.1.tgz",
      "integrity": "sha512-bL8Lzkxy3hk0YthqgC+yKQaxxacJRm6pEv50OOTDJOAyOBIPkxTAT+4J5NVs1qlHXxS6dqCmJ4NmmzYqTD9g4Q==",
      "requires": {
        "bluebird": "3.5.5",
        "config": "1.29.4",
        "continuation-local-storage": "3.2.1",
        "csstype": "2.5.8",
        "es6-promise": "4.2.8",
        "hornet-js-logger": "5.4.1",
        "intl-messageformat": "2.2.0",
        "json5": "0.5.1",
        "lodash.assign": "4.2.0",
        "lodash.drop": "4.1.1",
        "lodash.endswith": "4.2.1",
        "lodash.filter": "4.6.0",
        "lodash.findindex": "4.6.0",
        "lodash.first": "3.0.0",
        "lodash.has": "4.5.2",
        "lodash.intersectionwith": "4.4.0",
        "lodash.isfunction": "3.0.9",
        "lodash.isundefined": "3.0.1",
        "lodash.merge": "4.6.2",
        "lodash.startswith": "4.2.1",
        "lodash.unionwith": "4.6.0",
        "moment-timezone": "0.5.25",
        "source-map-support": "0.5.12",
        "tslib": "1.9.3"
      },
      "dependencies": {
        "intl-messageformat": {
          "version": "2.2.0",
          "resolved": "https://registry.npmjs.org/intl-messageformat/-/intl-messageformat-2.2.0.tgz",
          "integrity": "sha1-NFvNRt5jC3aDMwwuUhd/9eq0hPw=",
          "requires": {
            "intl-messageformat-parser": "1.4.0"
          }
        },
        "intl-messageformat-parser": {
          "version": "1.4.0",
          "resolved": "https://registry.npmjs.org/intl-messageformat-parser/-/intl-messageformat-parser-1.4.0.tgz",
          "integrity": "sha1-tD1FqXRoytvkQzHXS7Ho3qRPwHU="
        }
      }
    },
    "html-minifier": {
      "version": "3.5.21",
      "resolved": "http://artifactory.app.diplomatie.gouv.fr/artifactory-dev/api/npm/repository-npm-mae-dev/html-minifier/-/html-minifier-3.5.21.tgz",
      "integrity": "sha1-0AQOBUcw41TbAIRjWTGUAVIS0gw=",
      "dev": true,
      "requires": {
        "camel-case": "3.0.x",
        "clean-css": "4.2.x",
        "commander": "2.17.x",
        "he": "1.2.x",
        "param-case": "2.1.x",
        "relateurl": "0.2.x",
        "uglify-js": "3.4.x"
      }
    },
    "html-webpack-plugin": {
      "version": "3.2.0",
      "resolved": "http://artifactory.app.diplomatie.gouv.fr/artifactory-dev/api/npm/repository-npm-mae-dev/html-webpack-plugin/-/html-webpack-plugin-3.2.0.tgz",
      "integrity": "sha1-sBq71yOsqqeze2r0SS69oD2d03s=",
      "dev": true,
      "requires": {
        "html-minifier": "^3.2.3",
        "loader-utils": "^0.2.16",
        "lodash": "^4.17.3",
        "pretty-error": "^2.0.2",
        "tapable": "^1.0.0",
        "toposort": "^1.0.0",
        "util.promisify": "1.0.0"
      }
    },
    "htmlparser2": {
      "version": "3.10.1",
      "resolved": "http://artifactory.app.diplomatie.gouv.fr/artifactory-dev/api/npm/repository-npm-mae-dev/htmlparser2/-/htmlparser2-3.10.1.tgz",
      "integrity": "sha1-vWedw/WYl7ajS7EHSchVu1OpOS8=",
      "dev": true,
      "requires": {
        "domelementtype": "^1.3.1",
        "domhandler": "^2.3.0",
        "domutils": "^1.5.1",
        "entities": "^1.1.1",
        "inherits": "^2.0.1",
        "readable-stream": "^3.1.1"
      },
      "dependencies": {
        "entities": {
          "version": "1.1.2",
          "resolved": "http://artifactory.app.diplomatie.gouv.fr/artifactory-dev/api/npm/repository-npm-mae-dev/entities/-/entities-1.1.2.tgz",
          "integrity": "sha1-vfpzUplmTfr9NFKe1PhSKidf6lY=",
          "dev": true
        }
      }
    },
    "inherits": {
      "version": "2.0.4",
      "resolved": "http://artifactory.app.diplomatie.gouv.fr/artifactory-dev/api/npm/repository-npm-mae-dev/inherits/-/inherits-2.0.4.tgz",
      "integrity": "sha1-D6LGT5MpF8NDOg3tVTY6rjdBa3w=",
      "dev": true
    },
    "intl-format-cache": {
      "version": "4.2.11",
      "resolved": "https://registry.npmjs.org/intl-format-cache/-/intl-format-cache-4.2.11.tgz",
      "integrity": "sha512-5AEkYXzkrbz/PZDgQ2SLCgpBO6pHDqagaj7oF2PGcRyQf8f0uK8/YCAIU/E6UXomeZhjpqJ+qf18wvJglAJnjw=="
    },
    "intl-messageformat": {
      "version": "7.6.1",
      "resolved": "https://registry.npmjs.org/intl-messageformat/-/intl-messageformat-7.6.1.tgz",
      "integrity": "sha512-RN2wah9s/56EVMgVQKTcou2C2DoevmiPlWqIyoY3mciNrOWLlfjFqEFqqJrFinf32/LvnOhClwoqvDZ3T0Jh8Q==",
      "requires": {
        "intl-format-cache": "^4.2.11",
        "intl-messageformat-parser": "^3.3.1"
      }
    },
    "intl-messageformat-parser": {
      "version": "3.3.1",
      "resolved": "https://registry.npmjs.org/intl-messageformat-parser/-/intl-messageformat-parser-3.3.1.tgz",
      "integrity": "sha512-H+t27dpxi8r51GD9km0huyy5UJET3YF3AT2mvXRc0PRioKPFNexxhMUSagPNrMqGhb+/7p7RPcmsv7tcgCdWWQ=="
    },
    "is-callable": {
      "version": "1.1.4",
      "resolved": "http://artifactory.app.diplomatie.gouv.fr/artifactory-dev/api/npm/repository-npm-mae-dev/is-callable/-/is-callable-1.1.4.tgz",
      "integrity": "sha1-HhrfIZ4e62hNaR+dagX/DTCiTXU=",
      "dev": true
    },
    "is-date-object": {
      "version": "1.0.1",
      "resolved": "http://artifactory.app.diplomatie.gouv.fr/artifactory-dev/api/npm/repository-npm-mae-dev/is-date-object/-/is-date-object-1.0.1.tgz",
      "integrity": "sha1-mqIOtq7rv/d/vTPnTKAbM1gdOhY=",
      "dev": true
    },
    "is-regex": {
      "version": "1.0.4",
      "resolved": "http://artifactory.app.diplomatie.gouv.fr/artifactory-dev/api/npm/repository-npm-mae-dev/is-regex/-/is-regex-1.0.4.tgz",
      "integrity": "sha1-VRdIm1RwkbCTDglWVM7SXul+lJE=",
      "dev": true,
      "requires": {
        "has": "^1.0.1"
      }
    },
    "is-symbol": {
      "version": "1.0.3",
      "resolved": "http://artifactory.app.diplomatie.gouv.fr/artifactory-dev/api/npm/repository-npm-mae-dev/is-symbol/-/is-symbol-1.0.3.tgz",
      "integrity": "sha1-OOEBS55jKb4N6dJKQU/XRB7GGTc=",
      "dev": true,
      "requires": {
        "has-symbols": "^1.0.1"
      }
    },
    "js-tokens": {
      "version": "4.0.0",
      "resolved": "https://registry.npmjs.org/js-tokens/-/js-tokens-4.0.0.tgz",
      "integrity": "sha512-RdJUflcE3cUzKiMqQgsCu06FPu9UdIJO0beYbPhHN4k6apgJtifcoCtT9bcxOpYBtpD2kCM6Sbzg4CausW/PKQ=="
    },
    "json-schema-traverse": {
      "version": "0.4.1",
      "resolved": "https://registry.npmjs.org/json-schema-traverse/-/json-schema-traverse-0.4.1.tgz",
      "integrity": "sha512-xbbCH5dCYU5T8LcEhhuh7HJ88HXuW3qsI3Y0zOZFKfZEHcpWiHU/Jxzk629Brsab/mMiHQti9wMP+845RPe3Vg=="
    },
    "json5": {
      "version": "0.5.1",
      "resolved": "https://registry.npmjs.org/json5/-/json5-0.5.1.tgz",
      "integrity": "sha1-Hq3nrMASA0rYTiOWdn6tn6VJWCE="
    },
    "jsonfile": {
      "version": "4.0.0",
      "resolved": "https://registry.npmjs.org/jsonfile/-/jsonfile-4.0.0.tgz",
      "integrity": "sha1-h3Gq4HmbZAdrdmQPygWPnBDjPss=",
      "requires": {
        "graceful-fs": "^4.1.6"
      }
    },
    "loader-utils": {
      "version": "0.2.17",
      "resolved": "http://artifactory.app.diplomatie.gouv.fr/artifactory-dev/api/npm/repository-npm-mae-dev/loader-utils/-/loader-utils-0.2.17.tgz",
      "integrity": "sha1-+G5jdNQyBabmxg6RlvF8Apm/s0g=",
      "dev": true,
      "requires": {
        "big.js": "^3.1.3",
        "emojis-list": "^2.0.0",
        "json5": "^0.5.0",
        "object-assign": "^4.0.1"
      }
    },
    "lodash": {
      "version": "4.17.15",
      "resolved": "https://registry.npmjs.org/lodash/-/lodash-4.17.15.tgz",
      "integrity": "sha512-8xOcRHvCjnocdS5cpwXQXVzmmh5e5+saE2QGoeQmbKmRS6J3VQppPOIt0MnmE+4xlZoumy0GPG0D0MVIQbNA1A=="
    },
    "lodash.assign": {
      "version": "4.2.0",
      "resolved": "https://registry.npmjs.org/lodash.assign/-/lodash.assign-4.2.0.tgz",
      "integrity": "sha1-DZnzzNem0mHRm9rrkkUAXShYCOc="
    },
    "lodash.clonedeep": {
      "version": "4.5.0",
      "resolved": "https://registry.npmjs.org/lodash.clonedeep/-/lodash.clonedeep-4.5.0.tgz",
      "integrity": "sha1-4j8/nE+Pvd6HJSnBBxhXoIblzO8="
    },
    "lodash.drop": {
      "version": "4.1.1",
      "resolved": "https://registry.npmjs.org/lodash.drop/-/lodash.drop-4.1.1.tgz",
      "integrity": "sha1-7KELnCaXO65oISALuwx5Cimv0dM="
    },
    "lodash.endswith": {
      "version": "4.2.1",
      "resolved": "https://registry.npmjs.org/lodash.endswith/-/lodash.endswith-4.2.1.tgz",
      "integrity": "sha1-/tWawXOO0+I27dcGTsRWRIs3vAk="
    },
    "lodash.filter": {
      "version": "4.6.0",
      "resolved": "https://registry.npmjs.org/lodash.filter/-/lodash.filter-4.6.0.tgz",
      "integrity": "sha1-ZosdSYFgOuHMWm+nYBQ+SAtMSs4="
    },
    "lodash.findindex": {
      "version": "4.6.0",
      "resolved": "https://registry.npmjs.org/lodash.findindex/-/lodash.findindex-4.6.0.tgz",
      "integrity": "sha1-oyRd7mH7m24GJLU1ElYku2nBEQY="
    },
    "lodash.findlastindex": {
      "version": "4.6.0",
      "resolved": "https://registry.npmjs.org/lodash.findlastindex/-/lodash.findlastindex-4.6.0.tgz",
      "integrity": "sha1-uDdawPAum5Jjdc343D6oFKv5xqw="
    },
    "lodash.first": {
      "version": "3.0.0",
      "resolved": "https://registry.npmjs.org/lodash.first/-/lodash.first-3.0.0.tgz",
      "integrity": "sha1-Xa4YDX+BjuZfxbIQsQSnu++YoWo="
    },
    "lodash.get": {
      "version": "4.4.2",
      "resolved": "https://registry.npmjs.org/lodash.get/-/lodash.get-4.4.2.tgz",
      "integrity": "sha1-LRd/ZS+jHpObRDjVNBSZ36OCXpk="
    },
    "lodash.has": {
      "version": "4.5.2",
      "resolved": "https://registry.npmjs.org/lodash.has/-/lodash.has-4.5.2.tgz",
      "integrity": "sha1-0Z9NwQlQWMzL4rDN9O4P5Ko3yGI="
    },
    "lodash.intersectionwith": {
      "version": "4.4.0",
      "resolved": "https://registry.npmjs.org/lodash.intersectionwith/-/lodash.intersectionwith-4.4.0.tgz",
      "integrity": "sha1-gYlJ4pMFK6f8c6RA9hFMLIHDjhw="
    },
    "lodash.isempty": {
      "version": "4.4.0",
      "resolved": "https://registry.npmjs.org/lodash.isempty/-/lodash.isempty-4.4.0.tgz",
      "integrity": "sha1-b4bL7di+TsmHvpqvM8loTbGzHn4="
    },
    "lodash.iserror": {
      "version": "3.1.1",
      "resolved": "https://registry.npmjs.org/lodash.iserror/-/lodash.iserror-3.1.1.tgz",
      "integrity": "sha1-KXuaBfq2cUvCRE18wZ0dfES17Ow="
    },
    "lodash.isfunction": {
      "version": "3.0.9",
      "resolved": "https://registry.npmjs.org/lodash.isfunction/-/lodash.isfunction-3.0.9.tgz",
      "integrity": "sha512-AirXNj15uRIMMPihnkInB4i3NHeb4iBtNg9WRWuK2o31S+ePwwNmDPaTL3o7dTJ+VXNZim7rFs4rxN4YU1oUJw=="
    },
    "lodash.isstring": {
      "version": "4.0.1",
      "resolved": "https://registry.npmjs.org/lodash.isstring/-/lodash.isstring-4.0.1.tgz",
      "integrity": "sha1-1SfftUVuynzJu5XV2ur4i6VKVFE="
    },
    "lodash.isundefined": {
      "version": "3.0.1",
      "resolved": "https://registry.npmjs.org/lodash.isundefined/-/lodash.isundefined-3.0.1.tgz",
      "integrity": "sha1-I+89lTVWUgOmbO/VuDD4SJEa+0g="
    },
    "lodash.last": {
      "version": "3.0.0",
      "resolved": "https://registry.npmjs.org/lodash.last/-/lodash.last-3.0.0.tgz",
      "integrity": "sha1-JC9mMRLdTG5jcoxgo8kJ0b2tvUw="
    },
    "lodash.merge": {
      "version": "4.6.2",
      "resolved": "https://registry.npmjs.org/lodash.merge/-/lodash.merge-4.6.2.tgz",
      "integrity": "sha512-0KpjqXRVvrYyCsX1swR/XTK0va6VQkQM6MNo7PqW77ByjAhoARA8EfrP1N4+KlKj8YS0ZUCtRT/YUuhyYDujIQ=="
    },
    "lodash.set": {
      "version": "4.3.2",
      "resolved": "https://registry.npmjs.org/lodash.set/-/lodash.set-4.3.2.tgz",
      "integrity": "sha1-2HV7HagH3eJIFrDWqEvqGnYjCyM="
    },
    "lodash.startswith": {
      "version": "4.2.1",
      "resolved": "https://registry.npmjs.org/lodash.startswith/-/lodash.startswith-4.2.1.tgz",
      "integrity": "sha1-xZjErc4YiiflMUVzHNxsDnF3YAw="
    },
    "lodash.unionwith": {
      "version": "4.6.0",
      "resolved": "https://registry.npmjs.org/lodash.unionwith/-/lodash.unionwith-4.6.0.tgz",
      "integrity": "sha1-dNFAtcqBRubGQ8NyT1FSU42awfA="
    },
    "log4js": {
      "version": "4.3.0",
      "resolved": "https://registry.npmjs.org/log4js/-/log4js-4.3.0.tgz",
      "integrity": "sha512-ivqZBkBvWLJ8rXfhb4E0979olSwnYBPSZy/5WhLNXwntqRgUhxHnqcXGmVw0t+XmLNTr3GAWEzjqHMzu4KM7rA==",
      "requires": {
        "date-format": "^2.0.0",
        "debug": "^4.1.1",
        "flatted": "^2.0.0",
        "rfdc": "^1.1.2",
        "streamroller": "^1.0.5"
      }
    },
    "loose-envify": {
      "version": "1.4.0",
      "resolved": "https://registry.npmjs.org/loose-envify/-/loose-envify-1.4.0.tgz",
      "integrity": "sha512-lyuxPGr/Wfhrlem2CL/UcnUc1zcqKAImBDzukY7Y5F/yQiNdko6+fRLevlw1HgMySw7f611UIY408EtxRSoK3Q==",
      "requires": {
        "js-tokens": "^3.0.0 || ^4.0.0"
      }
    },
    "lower-case": {
      "version": "1.1.4",
      "resolved": "http://artifactory.app.diplomatie.gouv.fr/artifactory-dev/api/npm/repository-npm-mae-dev/lower-case/-/lower-case-1.1.4.tgz",
      "integrity": "sha1-miyr0bno4K6ZOkv31YdcOcQujqw=",
      "dev": true
    },
    "moment": {
      "version": "2.24.0",
      "resolved": "https://registry.npmjs.org/moment/-/moment-2.24.0.tgz",
      "integrity": "sha512-bV7f+6l2QigeBBZSM/6yTNq4P2fNpSWj/0e7jQcy87A8e7o2nAfP/34/2ky5Vw4B9S446EtIhodAzkFCcR4dQg=="
    },
    "moment-timezone": {
      "version": "0.5.25",
      "resolved": "https://registry.npmjs.org/moment-timezone/-/moment-timezone-0.5.25.tgz",
      "integrity": "sha512-DgEaTyN/z0HFaVcVbSyVCUU6HeFdnNC3vE4c9cgu2dgMTvjBUBdBzWfasTBmAW45u5OIMeCJtU8yNjM22DHucw==",
      "requires": {
        "moment": ">= 2.9.0"
      }
    },
    "ms": {
      "version": "2.1.2",
      "resolved": "https://registry.npmjs.org/ms/-/ms-2.1.2.tgz",
      "integrity": "sha512-sGkPx+VjMtmA6MX27oA4FBFELFCZZ4S4XqeGOXCv68tT+jb3vk/RyaKWP0PTKyWtmLSM0b+adUTEvbs1PEaH2w=="
    },
    "no-case": {
      "version": "2.3.2",
      "resolved": "http://artifactory.app.diplomatie.gouv.fr/artifactory-dev/api/npm/repository-npm-mae-dev/no-case/-/no-case-2.3.2.tgz",
      "integrity": "sha1-YLgTOWvjmz8SiKTB7V0efSi0ZKw=",
      "dev": true,
      "requires": {
        "lower-case": "^1.1.1"
      }
    },
    "nth-check": {
      "version": "1.0.2",
      "resolved": "http://artifactory.app.diplomatie.gouv.fr/artifactory-dev/api/npm/repository-npm-mae-dev/nth-check/-/nth-check-1.0.2.tgz",
      "integrity": "sha1-sr0pXDfj3VijvwcAN2Zjuk2c8Fw=",
      "dev": true,
      "requires": {
        "boolbase": "~1.0.0"
      }
    },
    "object-assign": {
      "version": "4.1.1",
      "resolved": "https://registry.npmjs.org/object-assign/-/object-assign-4.1.1.tgz",
      "integrity": "sha1-IQmtx5ZYh8/AXLvUQsrIv7s2CGM="
    },
    "object-inspect": {
      "version": "1.7.0",
      "resolved": "http://artifactory.app.diplomatie.gouv.fr/artifactory-dev/api/npm/repository-npm-mae-dev/object-inspect/-/object-inspect-1.7.0.tgz",
      "integrity": "sha1-9Pa9GBrXfwBrXs5gvQtvOY/3Smc=",
      "dev": true
    },
    "object-keys": {
      "version": "1.1.1",
      "resolved": "http://artifactory.app.diplomatie.gouv.fr/artifactory-dev/api/npm/repository-npm-mae-dev/object-keys/-/object-keys-1.1.1.tgz",
      "integrity": "sha1-HEfyct8nfzsdrwYWd9nILiMixg4=",
      "dev": true
    },
    "object.getownpropertydescriptors": {
      "version": "2.0.3",
      "resolved": "http://artifactory.app.diplomatie.gouv.fr/artifactory-dev/api/npm/repository-npm-mae-dev/object.getownpropertydescriptors/-/object.getownpropertydescriptors-2.0.3.tgz",
      "integrity": "sha1-h1jIRvW0B62rDyNuCYbxSwUcqhY=",
      "dev": true,
      "requires": {
        "define-properties": "^1.1.2",
        "es-abstract": "^1.5.1"
      }
    },
    "os-homedir": {
      "version": "1.0.2",
      "resolved": "https://registry.npmjs.org/os-homedir/-/os-homedir-1.0.2.tgz",
      "integrity": "sha1-/7xJiDNuDoM94MFox+8VISGqf7M="
    },
    "param-case": {
      "version": "2.1.1",
      "resolved": "http://artifactory.app.diplomatie.gouv.fr/artifactory-dev/api/npm/repository-npm-mae-dev/param-case/-/param-case-2.1.1.tgz",
      "integrity": "sha1-35T9jPZTHs915r75oIWPvHK+Ikc=",
      "dev": true,
      "requires": {
        "no-case": "^2.2.0"
      }
    },
    "pretty-error": {
      "version": "2.1.1",
      "resolved": "http://artifactory.app.diplomatie.gouv.fr/artifactory-dev/api/npm/repository-npm-mae-dev/pretty-error/-/pretty-error-2.1.1.tgz",
      "integrity": "sha1-X0+HyPkeWuPzuoerTPXgOxoX8aM=",
      "dev": true,
      "requires": {
        "renderkid": "^2.0.1",
        "utila": "~0.4"
      }
    },
    "prop-types": {
      "version": "15.7.2",
      "resolved": "https://registry.npmjs.org/prop-types/-/prop-types-15.7.2.tgz",
      "integrity": "sha512-8QQikdH7//R2vurIJSutZ1smHYTcLpRWEOlHnzcWHmBYrOGUysKwSsrC89BCiFj3CbrfJ/nXFdJepOVrY1GCHQ==",
      "requires": {
        "loose-envify": "^1.4.0",
        "object-assign": "^4.1.1",
        "react-is": "^16.8.1"
      }
    },
    "punycode": {
      "version": "2.1.1",
      "resolved": "https://registry.npmjs.org/punycode/-/punycode-2.1.1.tgz",
      "integrity": "sha512-XRsRjdf+j5ml+y/6GKHPZbrF/8p2Yga0JPtdqTIY2Xe5ohJPD9saDJJLPvp9+NSBprVvevdXZybnj2cv8OEd0A=="
    },
    "react": {
      "version": "16.12.0",
      "resolved": "https://registry.npmjs.org/react/-/react-16.12.0.tgz",
      "integrity": "sha512-fglqy3k5E+81pA8s+7K0/T3DBCF0ZDOher1elBFzF7O6arXJgzyu/FW+COxFvAWXJoJN9KIZbT2LXlukwphYTA==",
      "requires": {
        "loose-envify": "^1.1.0",
        "object-assign": "^4.1.1",
        "prop-types": "^15.6.2"
      }
    },
    "react-is": {
      "version": "16.12.0",
      "resolved": "https://registry.npmjs.org/react-is/-/react-is-16.12.0.tgz",
      "integrity": "sha512-rPCkf/mWBtKc97aLL9/txD8DZdemK0vkA3JMLShjlJB3Pj3s+lpf1KaBzMfQrAmhMQB0n1cU/SUGgKKBCe837Q=="
    },
    "readable-stream": {
      "version": "3.4.0",
      "resolved": "http://artifactory.app.diplomatie.gouv.fr/artifactory-dev/api/npm/repository-npm-mae-dev/readable-stream/-/readable-stream-3.4.0.tgz",
      "integrity": "sha1-pRwmdUZY4KPCHb9ZFjvUW6b0R/w=",
      "dev": true,
      "requires": {
        "inherits": "^2.0.3",
        "string_decoder": "^1.1.1",
        "util-deprecate": "^1.0.1"
      }
    },
    "reflect-metadata": {
      "version": "0.1.13",
      "resolved": "https://registry.npmjs.org/reflect-metadata/-/reflect-metadata-0.1.13.tgz",
      "integrity": "sha512-Ts1Y/anZELhSsjMcU605fU9RE4Oi3p5ORujwbIKXfWa+0Zxs510Qrmrce5/Jowq3cHSZSJqBjypxmHarc+vEWg=="
    },
    "relateurl": {
      "version": "0.2.7",
      "resolved": "http://artifactory.app.diplomatie.gouv.fr/artifactory-dev/api/npm/repository-npm-mae-dev/relateurl/-/relateurl-0.2.7.tgz",
      "integrity": "sha1-VNvzd+UUQKypCkzSdGANP/LYiKk=",
      "dev": true
    },
    "renderkid": {
      "version": "2.0.3",
      "resolved": "http://artifactory.app.diplomatie.gouv.fr/artifactory-dev/api/npm/repository-npm-mae-dev/renderkid/-/renderkid-2.0.3.tgz",
      "integrity": "sha1-OAF5wv9a4TZcUivy/Pz/AcW3QUk=",
      "dev": true,
      "requires": {
        "css-select": "^1.1.0",
        "dom-converter": "^0.2",
        "htmlparser2": "^3.3.0",
        "strip-ansi": "^3.0.0",
        "utila": "^0.4.0"
      }
    },
    "rfdc": {
      "version": "1.1.4",
      "resolved": "https://registry.npmjs.org/rfdc/-/rfdc-1.1.4.tgz",
      "integrity": "sha512-5C9HXdzK8EAqN7JDif30jqsBzavB7wLpaubisuQIGHWf2gUXSpzy6ArX/+Da8RjFpagWsCn+pIgxTMAmKw9Zug=="
    },
    "safe-buffer": {
      "version": "5.2.0",
      "resolved": "http://artifactory.app.diplomatie.gouv.fr/artifactory-dev/api/npm/repository-npm-mae-dev/safe-buffer/-/safe-buffer-5.2.0.tgz",
      "integrity": "sha1-t02uxJsRSPiMZLaNSbHoFcHy9Rk=",
      "dev": true
    },
    "semver": {
      "version": "5.7.1",
      "resolved": "https://registry.npmjs.org/semver/-/semver-5.7.1.tgz",
      "integrity": "sha512-sauaDf/PZdVgrLTNYHRtpXa1iRiKcaebiKQ1BJdpQlWH2lCvexQdX55snPFyK7QzpudqbCI0qXFfOasHdyNDGQ=="
    },
    "shimmer": {
      "version": "1.2.1",
      "resolved": "https://registry.npmjs.org/shimmer/-/shimmer-1.2.1.tgz",
      "integrity": "sha512-sQTKC1Re/rM6XyFM6fIAGHRPVGvyXfgzIDvzoq608vM+jeyVD0Tu1E6Np0Kc2zAIFWIj963V2800iF/9LPieQw=="
    },
    "source-map": {
      "version": "0.6.1",
      "resolved": "https://registry.npmjs.org/source-map/-/source-map-0.6.1.tgz",
      "integrity": "sha512-UjgapumWlbMhkBgzT7Ykc5YXUT46F0iKu8SGXq0bcwP5dz/h0Plj6enJqjz1Zbq2l5WaqYnrVbwWOWMyF3F47g=="
    },
    "source-map-support": {
      "version": "0.5.12",
      "resolved": "https://registry.npmjs.org/source-map-support/-/source-map-support-0.5.12.tgz",
      "integrity": "sha512-4h2Pbvyy15EE02G+JOZpUCmqWJuqrs+sEkzewTm++BPi7Hvn/HwcqLAcNxYAyI0x13CpPPn+kMjl+hplXMHITQ==",
      "requires": {
        "buffer-from": "^1.0.0",
        "source-map": "^0.6.0"
      }
    },
    "streamroller": {
      "version": "1.0.6",
      "resolved": "https://registry.npmjs.org/streamroller/-/streamroller-1.0.6.tgz",
      "integrity": "sha512-3QC47Mhv3/aZNFpDDVO44qQb9gwB9QggMEE0sQmkTAwBVYdBRWISdsywlkfm5II1Q5y/pmrHflti/IgmIzdDBg==",
      "requires": {
        "async": "^2.6.2",
        "date-format": "^2.0.0",
        "debug": "^3.2.6",
        "fs-extra": "^7.0.1",
        "lodash": "^4.17.14"
      },
      "dependencies": {
        "debug": {
          "version": "3.2.6",
          "resolved": "https://registry.npmjs.org/debug/-/debug-3.2.6.tgz",
          "integrity": "sha512-mel+jf7nrtEl5Pn1Qx46zARXKDpBbvzezse7p7LqINmdoIk8PYP5SySaxEmYv6TZ0JyEKA1hsCId6DIhgITtWQ==",
          "requires": {
            "ms": "^2.1.1"
          }
        }
      }
    },
    "string.prototype.trimleft": {
      "version": "2.1.0",
      "resolved": "http://artifactory.app.diplomatie.gouv.fr/artifactory-dev/api/npm/repository-npm-mae-dev/string.prototype.trimleft/-/string.prototype.trimleft-2.1.0.tgz",
      "integrity": "sha1-bMR/DX641isPNwFhFxWjlUWR1jQ=",
      "dev": true,
      "requires": {
        "define-properties": "^1.1.3",
        "function-bind": "^1.1.1"
      }
    },
    "string.prototype.trimright": {
      "version": "2.1.0",
      "resolved": "http://artifactory.app.diplomatie.gouv.fr/artifactory-dev/api/npm/repository-npm-mae-dev/string.prototype.trimright/-/string.prototype.trimright-2.1.0.tgz",
      "integrity": "sha1-Zp0WS+nfm291WfqOiZRbFopabFg=",
      "dev": true,
      "requires": {
        "define-properties": "^1.1.3",
        "function-bind": "^1.1.1"
      }
    },
    "string_decoder": {
      "version": "1.3.0",
      "resolved": "http://artifactory.app.diplomatie.gouv.fr/artifactory-dev/api/npm/repository-npm-mae-dev/string_decoder/-/string_decoder-1.3.0.tgz",
      "integrity": "sha1-QvEUWUpGzxqOMLCoT1bHjD7awh4=",
      "dev": true,
      "requires": {
        "safe-buffer": "~5.2.0"
      }
    },
    "strip-ansi": {
      "version": "3.0.1",
      "resolved": "http://artifactory.app.diplomatie.gouv.fr/artifactory-dev/api/npm/repository-npm-mae-dev/strip-ansi/-/strip-ansi-3.0.1.tgz",
      "integrity": "sha1-ajhfuIU9lS1f8F0Oiq+UJ43GPc8=",
      "dev": true,
      "requires": {
        "ansi-regex": "^2.0.0"
      }
    },
    "tapable": {
      "version": "1.1.3",
      "resolved": "http://artifactory.app.diplomatie.gouv.fr/artifactory-dev/api/npm/repository-npm-mae-dev/tapable/-/tapable-1.1.3.tgz",
      "integrity": "sha1-ofzMBrWNth/XpF2i2kT186Pme6I=",
      "dev": true
    },
    "toposort": {
      "version": "1.0.7",
      "resolved": "http://artifactory.app.diplomatie.gouv.fr/artifactory-dev/api/npm/repository-npm-mae-dev/toposort/-/toposort-1.0.7.tgz",
      "integrity": "sha1-LmhELZ9k7HILjMieZEOsbKqVACk=",
      "dev": true
    },
    "tslib": {
      "version": "1.9.3",
      "resolved": "https://registry.npmjs.org/tslib/-/tslib-1.9.3.tgz",
      "integrity": "sha512-4krF8scpejhaOgqzBEcGM7yDIEfi0/8+8zDRZhNZZ2kjmHJ4hv3zCbQWxoJGz1iw5U0Jl0nma13xzHXcncMavQ=="
    },
    "uglify-js": {
      "version": "3.4.10",
      "resolved": "http://artifactory.app.diplomatie.gouv.fr/artifactory-dev/api/npm/repository-npm-mae-dev/uglify-js/-/uglify-js-3.4.10.tgz",
      "integrity": "sha1-mtlWPY6zrN+404WX0q8dgV9qdV8=",
      "dev": true,
      "requires": {
        "commander": "~2.19.0",
        "source-map": "~0.6.1"
      },
      "dependencies": {
        "commander": {
          "version": "2.19.0",
          "resolved": "http://artifactory.app.diplomatie.gouv.fr/artifactory-dev/api/npm/repository-npm-mae-dev/commander/-/commander-2.19.0.tgz",
          "integrity": "sha1-9hmKqE5bg8RgVLlN3tv+1e6f8So=",
          "dev": true
        }
      }
    },
    "universalify": {
      "version": "0.1.2",
      "resolved": "https://registry.npmjs.org/universalify/-/universalify-0.1.2.tgz",
      "integrity": "sha512-rBJeI5CXAlmy1pV+617WB9J63U6XcazHHF2f2dbJix4XzpUF0RS3Zbj0FGIOCAva5P/d/GBOYaACQ1w+0azUkg=="
    },
    "upper-case": {
      "version": "1.1.3",
      "resolved": "http://artifactory.app.diplomatie.gouv.fr/artifactory-dev/api/npm/repository-npm-mae-dev/upper-case/-/upper-case-1.1.3.tgz",
      "integrity": "sha1-9rRQHC7EzdJrp4vnIilh3ndiFZg=",
      "dev": true
    },
    "uri-js": {
      "version": "4.2.2",
      "resolved": "https://registry.npmjs.org/uri-js/-/uri-js-4.2.2.tgz",
      "integrity": "sha512-KY9Frmirql91X2Qgjry0Wd4Y+YTdrdZheS8TFwvkbLWf/G5KNJDCh6pKL5OZctEW4+0Baa5idK2ZQuELRwPznQ==",
      "requires": {
        "punycode": "^2.1.0"
      }
    },
    "util-deprecate": {
      "version": "1.0.2",
      "resolved": "http://artifactory.app.diplomatie.gouv.fr/artifactory-dev/api/npm/repository-npm-mae-dev/util-deprecate/-/util-deprecate-1.0.2.tgz",
      "integrity": "sha1-RQ1Nyfpw3nMnYvvS1KKJgUGaDM8=",
      "dev": true
    },
    "util.promisify": {
      "version": "1.0.0",
      "resolved": "http://artifactory.app.diplomatie.gouv.fr/artifactory-dev/api/npm/repository-npm-mae-dev/util.promisify/-/util.promisify-1.0.0.tgz",
      "integrity": "sha1-RA9xZaRZyaFtwUXrjnLzVocJcDA=",
      "dev": true,
      "requires": {
        "define-properties": "^1.1.2",
        "object.getownpropertydescriptors": "^2.0.3"
      }
    },
    "utila": {
      "version": "0.4.0",
      "resolved": "http://artifactory.app.diplomatie.gouv.fr/artifactory-dev/api/npm/repository-npm-mae-dev/utila/-/utila-0.4.0.tgz",
      "integrity": "sha1-ihagXURWV6Oupe7MWxKk+lN5dyw=",
      "dev": true
    }
  }
}
